NeoBundleLock ir_black 4e45f1cbcc9c04cf32c8681c6b3b4534a33610ed
NeoBundleLock jedi-vim dc23f0b859d3b5c087921b68cf7cd66803ecca83
NeoBundleLock neobundle.vim 1d9257dfcff297959332f262351746ec88166965
NeoBundleLock neocomplcache 778181767467b8f8016828898779a646074d883a
NeoBundleLock syntastic 60f97939381e6224baef89583f85f5e4c3a67cfa
NeoBundleLock unite-colorscheme 3aa33866a183f7659594a3f6b66b2334eaebc6a0
NeoBundleLock unite-outline 962aaa61d5585634c15c3a7071df7c6a12c5e3cd
NeoBundleLock unite.vim f376de838a46c4848a81a2e95ebc4116732b1fef
NeoBundleLock vim-autoclose a9a3b7384657bc1f60a963fd6c08c63fc48d61c3
NeoBundleLock vim-hybrid 37a2d17c8d7b6cfe5288ef01b9b574828420de62
NeoBundleLock vim-quickrun 5bcb966b80d9d9e4051d9882a07fd61a2ea39d23
NeoBundleLock vimproc.vim c809cb15f04f2ae62cb345365d2e76665294623b
NeoBundleLock vimshell 7931e3bf9fbba738b26bb76143dfc1df17f7a99b
